
Microsoft Visual Studio Solution File, Format Version 12.00
# Visual Studio Version 16
VisualStudioVersion = 16.0.30204.135
MinimumVisualStudioVersion = 10.0.40219.1
Project("{FAE04EC0-301F-11D3-BF4B-00C04F79EFBC}") = "Stride.DependencyInjection", "Stride.DependencyInjection.csproj", "{6552A2B5-6F9F-4333-96B7-D477A4AC2E9F}"
EndProject
Global
	GlobalSection(SolutionConfigurationPlatforms) = preSolution
		Debug|Any CPU = Debug|Any CPU
		Release|Any CPU = Release|Any CPU
	EndGlobalSection
	GlobalSection(ProjectConfigurationPlatforms) = postSolution
		{6552A2B5-6F9F-4333-96B7-D477A4AC2E9F}.Debug|Any CPU.ActiveCfg = Debug|Any CPU
		{6552A2B5-6F9F-4333-96B7-D477A4AC2E9F}.Debug|Any CPU.Build.0 = Debug|Any CPU
		{6552A2B5-6F9F-4333-96B7-D477A4AC2E9F}.Release|Any CPU.ActiveCfg = Release|Any CPU
		{6552A2B5-6F9F-4333-96B7-D477A4AC2E9F}.Release|Any CPU.Build.0 = Release|Any CPU
	EndGlobalSection
	GlobalSection(SolutionProperties) = preSolution
		HideSolutionNode = FALSE
	EndGlobalSection
	GlobalSection(ExtensibilityGlobals) = postSolution
		SolutionGuid = {2D1301B8-E549-45C9-B87B-DDC7CFFF6CCD}
	EndGlobalSection
EndGlobal
